
Microsoft Visual Studio Solution File, Format Version 12.00
# Visual Studio 14
VisualStudioVersion = 14.0.25420.1
MinimumVisualStudioVersion = 10.0.40219.1
Project("{FAE04EC0-301F-11D3-BF4B-00C04F79EFBC}") = "DebugApp", "DebugApp\DebugApp.csproj", "{EB3DE875-00B0-4911-9404-71B904357620}"
EndProject
Project("{FAE04EC0-301F-11D3-BF4B-00C04F79EFBC}") = "PureMVCAppDemo", "PureMVCAppDemo\PureMVCAppDemo.csproj", "{C97472DD-F6EF-4FE2-BEDD-764A326AE075}"
EndProject
Global
	GlobalSection(SolutionConfigurationPlatforms) = preSolution
		Debug|Any CPU = Debug|Any CPU
		Release|Any CPU = Release|Any CPU
	EndGlobalSection
	GlobalSection(ProjectConfigurationPlatforms) = postSolution
		{EB3DE875-00B0-4911-9404-71B904357620}.Debug|Any CPU.ActiveCfg = Debug|Any CPU
		{EB3DE875-00B0-4911-9404-71B904357620}.Debug|Any CPU.Build.0 = Debug|Any CPU
		{EB3DE875-00B0-4911-9404-71B904357620}.Release|Any CPU.ActiveCfg = Release|Any CPU
		{EB3DE875-00B0-4911-9404-71B904357620}.Release|Any CPU.Build.0 = Release|Any CPU
		{C97472DD-F6EF-4FE2-BEDD-764A326AE075}.Debug|Any CPU.ActiveCfg = Debug|Any CPU
		{C97472DD-F6EF-4FE2-BEDD-764A326AE075}.Debug|Any CPU.Build.0 = Debug|Any CPU
		{C97472DD-F6EF-4FE2-BEDD-764A326AE075}.Release|Any CPU.ActiveCfg = Release|Any CPU
		{C97472DD-F6EF-4FE2-BEDD-764A326AE075}.Release|Any CPU.Build.0 = Release|Any CPU
	EndGlobalSection
	GlobalSection(SolutionProperties) = preSolution
		HideSolutionNode = FALSE
	EndGlobalSection
EndGlobal
